
Microsoft Visual Studio Solution File, Format Version 12.00
# Visual Studio Version 17
VisualStudioVersion = 17.3.32929.385
MinimumVisualStudioVersion = 10.0.40219.1
Project("{FAE04EC0-301F-11D3-BF4B-00C04F79EFBC}") = "CinemaTicketSalesAutomation", "CinemaTicketSalesAutomation\CinemaTicketSalesAutomation.csproj", "{096E34EB-3BE0-4822-AB4F-AEECBF769467}"
EndProject
Global
	GlobalSection(SolutionConfigurationPlatforms) = preSolution
		Debug|Any CPU = Debug|Any CPU
		Release|Any CPU = Release|Any CPU
	EndGlobalSection
	GlobalSection(ProjectConfigurationPlatforms) = postSolution
		{096E34EB-3BE0-4822-AB4F-AEECBF769467}.Debug|Any CPU.ActiveCfg = Debug|Any CPU
		{096E34EB-3BE0-4822-AB4F-AEECBF769467}.Debug|Any CPU.Build.0 = Debug|Any CPU
		{096E34EB-3BE0-4822-AB4F-AEECBF769467}.Release|Any CPU.ActiveCfg = Release|Any CPU
		{096E34EB-3BE0-4822-AB4F-AEECBF769467}.Release|Any CPU.Build.0 = Release|Any CPU
	EndGlobalSection
	GlobalSection(SolutionProperties) = preSolution
		HideSolutionNode = FALSE
	EndGlobalSection
	GlobalSection(ExtensibilityGlobals) = postSolution
		SolutionGuid = {8CD6F927-528E-440C-9722-0C3505760C41}
	EndGlobalSection
EndGlobal
